// !$*UTF8*$!
{
	archiveVersion = 1;
	classes = {
	};
	objectVersion = 46;
	objects = {

/* Begin PBXBuildFile section */
		AACD42F61B70882700A83B69 /* main.m in Sources */ = {isa = PBXBuildFile; fileRef = AACD42F51B70882700A83B69 /* main.m */; };
		AACD42F91B70882700A83B69 /* AppDelegate.m in Sources */ = {isa = PBXBuildFile; fileRef = AACD42F81B70882700A83B69 /* AppDelegate.m */; };
		AACD42FC1B70882700A83B69 /* GameViewController.m in Sources */ = {isa = PBXBuildFile; fileRef = AACD42FB1B70882700A83B69 /* GameViewController.m */; };
		AACD42FE1B70882700A83B69 /* Shaders.metal in Sources */ = {isa = PBXBuildFile; fileRef = AACD42FD1B70882700A83B69 /* Shaders.metal */; };
		AACD43021B70882700A83B69 /* Main.storyboard in Resources */ = {isa = PBXBuildFile; fileRef = AACD43001B70882700A83B69 /* Main.storyboard */; };
		AACD43041B70882700A83B69 /* Assets.xcassets in Resources */ = {isa = PBXBuildFile; fileRef = AACD43031B70882700A83B69 /* Assets.xcassets */; };
		AACD43071B70882700A83B69 /* LaunchScreen.storyboard in Resources */ = {isa = PBXBuildFile; fileRef = AACD43051B70882700A83B69 /* LaunchScreen.storyboard */; };
/* End PBXBuildFile section */

/* Begin PBXFileReference section */
		AACD42F11B70882700A83B69 /* minimal_chart.app */ = {isa = PBXFileReference; explicitFileType = wrapper.application; includeInIndex = 0; path = minimal_chart.app; sourceTree = BUILT_PRODUCTS_DIR; };
		AACD42F51B70882700A83B69 /* main.m */ = {isa = PBXFileReference; lastKnownFileType = sourcecode.c.objc; path = main.m; sourceTree = "<group>"; };
		AACD42F71B70882700A83B69 /* AppDelegate.h */ = {isa = PBXFileReference; lastKnownFileType = sourcecode.c.h; path = AppDelegate.h; sourceTree = "<group>"; };
		AACD42F81B70882700A83B69 /* AppDelegate.m */ = {isa = PBXFileReference; lastKnownFileType = sourcecode.c.objc; path = AppDelegate.m; sourceTree = "<group>"; };
		AACD42FA1B70882700A83B69 /* GameViewController.h */ = {isa = PBXFileReference; lastKnownFileType = sourcecode.c.h; path = GameViewController.h; sourceTree = "<group>"; };
		AACD42FB1B70882700A83B69 /* GameViewController.m */ = {isa = PBXFileReference; lastKnownFileType = sourcecode.c.objc; path = GameViewController.m; sourceTree = "<group>"; };
		AACD42FD1B70882700A83B69 /* Shaders.metal */ = {isa = PBXFileReference; lastKnownFileType = sourcecode.metal; path = Shaders.metal; sourceTree = "<group>"; };
		AACD42FF1B70882700A83B69 /* SharedStructures.h */ = {isa = PBXFileReference; lastKnownFileType = sourcecode.c.h; path = SharedStructures.h; sourceTree = "<group>"; };
		AACD43011B70882700A83B69 /* Base */ = {isa = PBXFileReference; lastKnownFileType = file.storyboard; name = Base; path = Base.lproj/Main.storyboard; sourceTree = "<group>"; };
		AACD43031B70882700A83B69 /* Assets.xcassets */ = {isa = PBXFileReference; lastKnownFileType = folder.assetcatalog; path = Assets.xcassets; sourceTree = "<group>"; };
		AACD43061B70882700A83B69 /* Base */ = {isa = PBXFileReference; lastKnownFileType = file.storyboard; name = Base; path = Base.lproj/LaunchScreen.storyboard; sourceTree = "<group>"; };
		AACD43081B70882700A83B69 /* Info.plist */ = {isa = PBXFileReference; lastKnownFileType = text.plist.xml; path = Info.plist; sourceTree = "<group>"; };
/* End PBXFileReference section */

/* Begin PBXFrameworksBuildPhase section */
		AACD42EE1B70882700A83B69 /* Frameworks */ = {
			isa = PBXFrameworksBuildPhase;
			buildActionMask = 2147483647;
			files = (
			);
			runOnlyForDeploymentPostprocessing = 0;
		};
/* End PBXFrameworksBuildPhase section */

/* Begin PBXGroup section */
		AACD42E81B70882700A83B69 = {
			isa = PBXGroup;
			children = (
				AACD42F31B70882700A83B69 /* minimal_chart */,
				AACD42F21B70882700A83B69 /* Products */,
			);
			sourceTree = "<group>";
		};
		AACD42F21B70882700A83B69 /* Products */ = {
			isa = PBXGroup;
			children = (
				AACD42F11B70882700A83B69 /* minimal_chart.app */,
			);
			name = Products;
			sourceTree = "<group>";
		};
		AACD42F31B70882700A83B69 /* minimal_chart */ = {
			isa = PBXGroup;
			children = (
				AACD42F71B70882700A83B69 /* AppDelegate.h */,
				AACD42F81B70882700A83B69 /* AppDelegate.m */,
				AACD42FA1B70882700A83B69 /* GameViewController.h */,
				AACD42FB1B70882700A83B69 /* GameViewController.m */,
				AACD42FD1B70882700A83B69 /* Shaders.metal */,
				AACD42FF1B70882700A83B69 /* SharedStructures.h */,
				AACD43001B70882700A83B69 /* Main.storyboard */,
				AACD43031B70882700A83B69 /* Assets.xcassets */,
				AACD43051B70882700A83B69 /* LaunchScreen.storyboard */,
				AACD43081B70882700A83B69 /* Info.plist */,
				AACD42F41B70882700A83B69 /* Supporting Files */,
			);
			path = minimal_chart;
			sourceTree = "<group>";
		};
		AACD42F41B70882700A83B69 /* Supporting Files */ = {
			isa = PBXGroup;
			children = (
				AACD42F51B70882700A83B69 /* main.m */,
			);
			name = "Supporting Files";
			sourceTree = "<group>";
		};
/* End PBXGroup section */

/* Begin PBXNativeTarget section */
		AACD42F01B70882700A83B69 /* minimal_chart */ = {
			isa = PBXNativeTarget;
			buildConfigurationList = AACD430B1B70882700A83B69 /* Build configuration list for PBXNativeTarget "minimal_chart" */;
			buildPhases = (
				AACD42ED1B70882700A83B69 /* Sources */,
				AACD42EE1B70882700A83B69 /* Frameworks */,
				AACD42EF1B70882700A83B69 /* Resources */,
			);
			buildRules = (
			);
			dependencies = (
			);
			name = minimal_chart;
			productName = minimal_chart;
			productReference = AACD42F11B70882700A83B69 /* minimal_chart.app */;
			productType = "com.apple.product-type.application";
		};
/* End PBXNativeTarget section */

/* Begin PBXProject section */
		AACD42E91B70882700A83B69 /* Project object */ = {
			isa = PBXProject;
			attributes = {
				LastUpgradeCheck = 0700;
				ORGANIZATIONNAME = foolog;
				TargetAttributes = {
					AACD42F01B70882700A83B69 = {
						CreatedOnToolsVersion = 7.0;
					};
				};
			};
			buildConfigurationList = AACD42EC1B70882700A83B69 /* Build configuration list for PBXProject "minimal_chart" */;
			compatibilityVersion = "Xcode 3.2";
			developmentRegion = English;
			hasScannedForEncodings = 0;
			knownRegions = (
				en,
				Base,
			);
			mainGroup = AACD42E81B70882700A83B69;
			productRefGroup = AACD42F21B70882700A83B69 /* Products */;
			projectDirPath = "";
			projectRoot = "";
			targets = (
				AACD42F01B70882700A83B69 /* minimal_chart */,
			);
		};
/* End PBXProject section */

/* Begin PBXResourcesBuildPhase section */
		AACD42EF1B70882700A83B69 /* Resources */ = {
			isa = PBXResourcesBuildPhase;
			buildActionMask = 2147483647;
			files = (
				AACD43071B70882700A83B69 /* LaunchScreen.storyboard in Resources */,
				AACD43041B70882700A83B69 /* Assets.xcassets in Resources */,
				AACD43021B70882700A83B69 /* Main.storyboard in Resources */,
			);
			runOnlyForDeploymentPostprocessing = 0;
		};
/* End PBXResourcesBuildPhase section */

/* Begin PBXSourcesBuildPhase section */
		AACD42ED1B70882700A83B69 /* Sources */ = {
			isa = PBXSourcesBuildPhase;
			buildActionMask = 2147483647;
			files = (
				AACD42FE1B70882700A83B69 /* Shaders.metal in Sources */,
				AACD42F91B70882700A83B69 /* AppDelegate.m in Sources */,
				AACD42FC1B70882700A83B69 /* GameViewController.m in Sources */,
				AACD42F61B70882700A83B69 /* main.m in Sources */,
			);
			runOnlyForDeploymentPostprocessing = 0;
		};
/* End PBXSourcesBuildPhase section */

/* Begin PBXVariantGroup section */
		AACD43001B70882700A83B69 /* Main.storyboard */ = {
			isa = PBXVariantGroup;
			children = (
				AACD43011B70882700A83B69 /* Base */,
			);
			name = Main.storyboard;
			sourceTree = "<group>";
		};
		AACD43051B70882700A83B69 /* LaunchScreen.storyboard */ = {
			isa = PBXVariantGroup;
			children = (
				AACD43061B70882700A83B69 /* Base */,
			);
			name = LaunchScreen.storyboard;
			sourceTree = "<group>";
		};
/* End PBXVariantGroup section */

/* Begin XCBuildConfiguration section */
		AACD43091B70882700A83B69 /* Debug */ = {
			isa = XCBuildConfiguration;
			buildSettings = {
				ALWAYS_SEARCH_USER_PATHS = NO;
				CLANG_CXX_LANGUAGE_STANDARD = "gnu++0x";
				CLANG_CXX_LIBRARY = "libc++";
				CLANG_ENABLE_MODULES = YES;
				CLANG_ENABLE_OBJC_ARC = YES;
				CLANG_WARN_BOOL_CONVERSION = YES;
				CLANG_WARN_CONSTANT_CONVERSION = YES;
				CLANG_WARN_DIRECT_OBJC_ISA_USAGE = YES_ERROR;
				CLANG_WARN_EMPTY_BODY = YES;
				CLANG_WARN_ENUM_CONVERSION = YES;
				CLANG_WARN_INT_CONVERSION = YES;
				CLANG_WARN_OBJC_ROOT_CLASS = YES_ERROR;
				CLANG_WARN_UNREACHABLE_CODE = YES;
				CLANG_WARN__DUPLICATE_METHOD_MATCH = YES;
				"CODE_SIGN_IDENTITY[sdk=iphoneos*]" = "iPhone Developer";
				COPY_PHASE_STRIP = NO;
				DEBUG_INFORMATION_FORMAT = dwarf;
				ENABLE_STRICT_OBJC_MSGSEND = YES;
				ENABLE_TESTABILITY = YES;
				GCC_C_LANGUAGE_STANDARD = gnu99;
				GCC_DYNAMIC_NO_PIC = NO;
				GCC_NO_COMMON_BLOCKS = YES;
				GCC_OPTIMIZATION_LEVEL = 0;
				GCC_PREPROCESSOR_DEFINITIONS = (
					"DEBUG=1",
					"$(inherited)",
				);
				GCC_WARN_64_TO_32_BIT_CONVERSION = YES;
				GCC_WARN_ABOUT_RETURN_TYPE = YES_ERROR;
				GCC_WARN_UNDECLARED_SELECTOR = YES;
				GCC_WARN_UNINITIALIZED_AUTOS = YES_AGGRESSIVE;
				GCC_WARN_UNUSED_FUNCTION = YES;
				GCC_WARN_UNUSED_VARIABLE = YES;
				IPHONEOS_DEPLOYMENT_TARGET = 9.0;
				MTL_ENABLE_DEBUG_INFO = YES;
				ONLY_ACTIVE_ARCH = YES;
				SDKROOT = iphoneos;
			};
			name = Debug;
		};
		AACD430A1B70882700A83B69 /* Release */ = {
			isa = XCBuildConfiguration;
			buildSettings = {
				ALWAYS_SEARCH_USER_PATHS = NO;
				CLANG_CXX_LANGUAGE_STANDARD = "gnu++0x";
				CLANG_CXX_LIBRARY = "libc++";
				CLANG_ENABLE_MODULES = YES;
				CLANG_ENABLE_OBJC_ARC = YES;
				CLANG_WARN_BOOL_CONVERSION = YES;
				CLANG_WARN_CONSTANT_CONVERSION = YES;
				CLANG_WARN_DIRECT_OBJC_ISA_USAGE = YES_ERROR;
				CLANG_WARN_EMPTY_BODY = YES;
				CLANG_WARN_ENUM_CONVERSION = YES;
				CLANG_WARN_INT_CONVERSION = YES;
				CLANG_WARN_OBJC_ROOT_CLASS = YES_ERROR;
				CLANG_WARN_UNREACHABLE_CODE = YES;
				CLANG_WARN__DUPLICATE_METHOD_MATCH = YES;
				"CODE_SIGN_IDENTITY[sdk=iphoneos*]" = "iPhone Developer";
				COPY_PHASE_STRIP = NO;
				DEBUG_INFORMATION_FORMAT = "dwarf-with-dsym";
				ENABLE_NS_ASSERTIONS = NO;
				ENABLE_STRICT_OBJC_MSGSEND = YES;
				GCC_C_LANGUAGE_STANDARD = gnu99;
				GCC_NO_COMMON_BLOCKS = YES;
				GCC_WARN_64_TO_32_BIT_CONVERSION = YES;
				GCC_WARN_ABOUT_RETURN_TYPE = YES_ERROR;
				GCC_WARN_UNDECLARED_SELECTOR = YES;
				GCC_WARN_UNINITIALIZED_AUTOS = YES_AGGRESSIVE;
				GCC_WARN_UNUSED_FUNCTION = YES;
				GCC_WARN_UNUSED_VARIABLE = YES;
				IPHONEOS_DEPLOYMENT_TARGET = 9.0;
				MTL_ENABLE_DEBUG_INFO = NO;
				SDKROOT = iphoneos;
				VALIDATE_PRODUCT = YES;
			};
			name = Release;
		};
		AACD430C1B70882700A83B69 /* Debug */ = {
			isa = XCBuildConfiguration;
			buildSettings = {
				ASSETCATALOG_COMPILER_APPICON_NAME = AppIcon;
				INFOPLIST_FILE = minimal_chart/Info.plist;
				LD_RUNPATH_SEARCH_PATHS = "$(inherited) @executable_path/Frameworks";
				PRODUCT_BUNDLE_IDENTIFIER = "jp.co.foolog.minimal-chart";
				PRODUCT_NAME = "$(TARGET_NAME)";
			};
			name = Debug;
		};
		AACD430D1B70882700A83B69 /* Release */ = {
			isa = XCBuildConfiguration;
			buildSettings = {
				ASSETCATALOG_COMPILER_APPICON_NAME = AppIcon;
				INFOPLIST_FILE = minimal_chart/Info.plist;
				LD_RUNPATH_SEARCH_PATHS = "$(inherited) @executable_path/Frameworks";
				PRODUCT_BUNDLE_IDENTIFIER = "jp.co.foolog.minimal-chart";
				PRODUCT_NAME = "$(TARGET_NAME)";
			};
			name = Release;
		};
/* End XCBuildConfiguration section */

/* Begin XCConfigurationList section */
		AACD42EC1B70882700A83B69 /* Build configuration list for PBXProject "minimal_chart" */ = {
			isa = XCConfigurationList;
			buildConfigurations = (
				AACD43091B70882700A83B69 /* Debug */,
				AACD430A1B70882700A83B69 /* Release */,
			);
			defaultConfigurationIsVisible = 0;
			defaultConfigurationName = Release;
		};
		AACD430B1B70882700A83B69 /* Build configuration list for PBXNativeTarget "minimal_chart" */ = {
			isa = XCConfigurationList;
			buildConfigurations = (
				AACD430C1B70882700A83B69 /* Debug */,
				AACD430D1B70882700A83B69 /* Release */,
			);
			defaultConfigurationIsVisible = 0;
		};
/* End XCConfigurationList section */
	};
	rootObject = AACD42E91B70882700A83B69 /* Project object */;
}
